
Microsoft Visual Studio Solution File, Format Version 12.00
# Visual Studio Version 17
VisualStudioVersion = 17.11.35303.130
MinimumVisualStudioVersion = 10.0.40219.1
Project("{9A19103F-16F7-4668-BE54-9A1E7A4F7556}") = "CompilerInC-sharp", "CompilerInC-sharp\CompilerInC-sharp.csproj", "{0D86D696-5C11-4BB4-8660-C85C9C88FA67}"
EndProject
Project("{9A19103F-16F7-4668-BE54-9A1E7A4F7556}") = "Minsk", "Minsk\Minsk.csproj", "{DF04B314-F24D-4986-9763-E94BC01051D2}"
EndProject
Project("{FAE04EC0-301F-11D3-BF4B-00C04F79EFBC}") = "Minsk.Test", "Minsk.Test\Minsk.Test.csproj", "{5F2983DF-9DFD-4758-B641-A0D784B61ADE}"
EndProject
Global
	GlobalSection(SolutionConfigurationPlatforms) = preSolution
		Debug|Any CPU = Debug|Any CPU
		Release|Any CPU = Release|Any CPU
	EndGlobalSection
	GlobalSection(ProjectConfigurationPlatforms) = postSolution
		{0D86D696-5C11-4BB4-8660-C85C9C88FA67}.Debug|Any CPU.ActiveCfg = Debug|Any CPU
		{0D86D696-5C11-4BB4-8660-C85C9C88FA67}.Debug|Any CPU.Build.0 = Debug|Any CPU
		{0D86D696-5C11-4BB4-8660-C85C9C88FA67}.Release|Any CPU.ActiveCfg = Release|Any CPU
		{0D86D696-5C11-4BB4-8660-C85C9C88FA67}.Release|Any CPU.Build.0 = Release|Any CPU
		{DF04B314-F24D-4986-9763-E94BC01051D2}.Debug|Any CPU.ActiveCfg = Debug|Any CPU
		{DF04B314-F24D-4986-9763-E94BC01051D2}.Debug|Any CPU.Build.0 = Debug|Any CPU
		{DF04B314-F24D-4986-9763-E94BC01051D2}.Release|Any CPU.ActiveCfg = Release|Any CPU
		{DF04B314-F24D-4986-9763-E94BC01051D2}.Release|Any CPU.Build.0 = Release|Any CPU
		{5F2983DF-9DFD-4758-B641-A0D784B61ADE}.Debug|Any CPU.ActiveCfg = Debug|Any CPU
		{5F2983DF-9DFD-4758-B641-A0D784B61ADE}.Debug|Any CPU.Build.0 = Debug|Any CPU
		{5F2983DF-9DFD-4758-B641-A0D784B61ADE}.Release|Any CPU.ActiveCfg = Release|Any CPU
		{5F2983DF-9DFD-4758-B641-A0D784B61ADE}.Release|Any CPU.Build.0 = Release|Any CPU
	EndGlobalSection
	GlobalSection(SolutionProperties) = preSolution
		HideSolutionNode = FALSE
	EndGlobalSection
	GlobalSection(ExtensibilityGlobals) = postSolution
		SolutionGuid = {48E85862-1133-4E1C-B109-5E0179BBD42D}
	EndGlobalSection
EndGlobal
